
Microsoft Visual Studio Solution File, Format Version 12.00
# Visual Studio Version 17
VisualStudioVersion = 17.13.35931.197
MinimumVisualStudioVersion = 10.0.40219.1
Project("{FAE04EC0-301F-11D3-BF4B-00C04F79EFBC}") = "Messenger App", "Messenger App.csproj", "{34ABCC86-1743-4D0C-8F47-25B4E58BD671}"
EndProject
Global
	GlobalSection(SolutionConfigurationPlatforms) = preSolution
		Debug|Any CPU = Debug|Any CPU
		Release|Any CPU = Release|Any CPU
	EndGlobalSection
	GlobalSection(ProjectConfigurationPlatforms) = postSolution
		{34ABCC86-1743-4D0C-8F47-25B4E58BD671}.Debug|Any CPU.ActiveCfg = Debug|Any CPU
		{34ABCC86-1743-4D0C-8F47-25B4E58BD671}.Debug|Any CPU.Build.0 = Debug|Any CPU
		{34ABCC86-1743-4D0C-8F47-25B4E58BD671}.Release|Any CPU.ActiveCfg = Release|Any CPU
		{34ABCC86-1743-4D0C-8F47-25B4E58BD671}.Release|Any CPU.Build.0 = Release|Any CPU
	EndGlobalSection
	GlobalSection(SolutionProperties) = preSolution
		HideSolutionNode = FALSE
	EndGlobalSection
	GlobalSection(ExtensibilityGlobals) = postSolution
		SolutionGuid = {4897BDC4-A37A-4932-8620-12ED2F259FDC}
	EndGlobalSection
EndGlobal
